
Microsoft Visual Studio Solution File, Format Version 12.00
# Visual Studio Version 17
VisualStudioVersion = 17.13.35931.197 d17.13
MinimumVisualStudioVersion = 10.0.40219.1
Project("{FAE04EC0-301F-11D3-BF4B-00C04F79EFBC}") = "PharmacyManagementSystem", "PharmacyManagementSystem\PharmacyManagementSystem.csproj", "{08EC5833-93EF-4CD3-9F0A-3906C02AC170}"
EndProject
Global
	GlobalSection(SolutionConfigurationPlatforms) = preSolution
		Debug|Any CPU = Debug|Any CPU
		Release|Any CPU = Release|Any CPU
	EndGlobalSection
	GlobalSection(ProjectConfigurationPlatforms) = postSolution
		{08EC5833-93EF-4CD3-9F0A-3906C02AC170}.Debug|Any CPU.ActiveCfg = Debug|Any CPU
		{08EC5833-93EF-4CD3-9F0A-3906C02AC170}.Debug|Any CPU.Build.0 = Debug|Any CPU
		{08EC5833-93EF-4CD3-9F0A-3906C02AC170}.Release|Any CPU.ActiveCfg = Release|Any CPU
		{08EC5833-93EF-4CD3-9F0A-3906C02AC170}.Release|Any CPU.Build.0 = Release|Any CPU
	EndGlobalSection
	GlobalSection(SolutionProperties) = preSolution
		HideSolutionNode = FALSE
	EndGlobalSection
	GlobalSection(ExtensibilityGlobals) = postSolution
		SolutionGuid = {E5E0C04E-1072-477D-BBCF-EBE8CA923FDC}
	EndGlobalSection
EndGlobal
